github.com/AndreSS-ntp/logger v0.2.1 h1:yUeQwbugL+QfZ3oJhjzPyobfhWGMdnXrbDCwOF4Ac4o=
github.com/AndreSS-ntp/logger v0.2.1/go.mod h1:S/gMsMQ7MzePLMldqLlxDGoFneUVPAiIB57o9d96Qrc=
github.com/google/uuid v1.6.0 h1:NIvaJDMOsjHA8n1jAhLSgzrAzy1Hgr+hNrb57e+94F0=
github.com/google/uuid v1.6.0/go.mod h1:TIyPZe4MgqvfeYDBFedMoGGpEw/LqOeaOT+nhxU+yHo=
